
Microsoft Visual Studio Solution File, Format Version 12.00
# Visual Studio Version 16
VisualStudioVersion = 16.0.32002.261
MinimumVisualStudioVersion = 10.0.40219.1
Project("{FAE04EC0-301F-11D3-BF4B-00C04F79EFBC}") = "Tiefenthaler_Zehetner_WEB_IO", "Tiefenthaler_Zehetner_WEB_IO.csproj", "{3223F89D-1B17-47D6-8E2F-B5A80E43C794}"
EndProject
Global
	GlobalSection(SolutionConfigurationPlatforms) = preSolution
		Debug|Any CPU = Debug|Any CPU
		Release|Any CPU = Release|Any CPU
	EndGlobalSection
	GlobalSection(ProjectConfigurationPlatforms) = postSolution
		{3223F89D-1B17-47D6-8E2F-B5A80E43C794}.Debug|Any CPU.ActiveCfg = Debug|Any CPU
		{3223F89D-1B17-47D6-8E2F-B5A80E43C794}.Debug|Any CPU.Build.0 = Debug|Any CPU
		{3223F89D-1B17-47D6-8E2F-B5A80E43C794}.Release|Any CPU.ActiveCfg = Release|Any CPU
		{3223F89D-1B17-47D6-8E2F-B5A80E43C794}.Release|Any CPU.Build.0 = Release|Any CPU
	EndGlobalSection
	GlobalSection(SolutionProperties) = preSolution
		HideSolutionNode = FALSE
	EndGlobalSection
	GlobalSection(ExtensibilityGlobals) = postSolution
		SolutionGuid = {676D6561-BADE-429E-B7EB-B8A0D88C58C9}
	EndGlobalSection
EndGlobal
